
Microsoft Visual Studio Solution File, Format Version 12.00
# Visual Studio 2013
VisualStudioVersion = 12.0.30501.0
MinimumVisualStudioVersion = 10.0.40219.1
Project("{FAE04EC0-301F-11D3-BF4B-00C04F79EFBC}") = "Implementation", "Implementation\Implementation.csproj", "{4E1A312C-7DE3-4940-9531-64F5DFDA0DEC}"
EndProject
Global
	GlobalSection(SolutionConfigurationPlatforms) = preSolution
		Debug|Any CPU = Debug|Any CPU
		Release|Any CPU = Release|Any CPU
	EndGlobalSection
	GlobalSection(ProjectConfigurationPlatforms) = postSolution
		{4E1A312C-7DE3-4940-9531-64F5DFDA0DEC}.Debug|Any CPU.ActiveCfg = Debug|Any CPU
		{4E1A312C-7DE3-4940-9531-64F5DFDA0DEC}.Debug|Any CPU.Build.0 = Debug|Any CPU
		{4E1A312C-7DE3-4940-9531-64F5DFDA0DEC}.Release|Any CPU.ActiveCfg = Release|Any CPU
		{4E1A312C-7DE3-4940-9531-64F5DFDA0DEC}.Release|Any CPU.Build.0 = Release|Any CPU
	EndGlobalSection
	GlobalSection(SolutionProperties) = preSolution
		HideSolutionNode = FALSE
	EndGlobalSection
EndGlobal
