
Microsoft Visual Studio Solution File, Format Version 12.00
# Visual Studio 2013
VisualStudioVersion = 12.0.30501.0
MinimumVisualStudioVersion = 10.0.40219.1
Project("{FAE04EC0-301F-11D3-BF4B-00C04F79EFBC}") = "Implementation", "Implementation\Implementation.csproj", "{657D3062-D3A2-4E82-9A8F-31B39C7BC72B}"
EndProject
Global
	GlobalSection(SolutionConfigurationPlatforms) = preSolution
		Debug|Any CPU = Debug|Any CPU
		Release|Any CPU = Release|Any CPU
	EndGlobalSection
	GlobalSection(ProjectConfigurationPlatforms) = postSolution
		{657D3062-D3A2-4E82-9A8F-31B39C7BC72B}.Debug|Any CPU.ActiveCfg = Debug|Any CPU
		{657D3062-D3A2-4E82-9A8F-31B39C7BC72B}.Debug|Any CPU.Build.0 = Debug|Any CPU
		{657D3062-D3A2-4E82-9A8F-31B39C7BC72B}.Release|Any CPU.ActiveCfg = Release|Any CPU
		{657D3062-D3A2-4E82-9A8F-31B39C7BC72B}.Release|Any CPU.Build.0 = Release|Any CPU
	EndGlobalSection
	GlobalSection(SolutionProperties) = preSolution
		HideSolutionNode = FALSE
	EndGlobalSection
EndGlobal
