
Microsoft Visual Studio Solution File, Format Version 12.00
# Visual Studio 2013
VisualStudioVersion = 12.0.30501.0
MinimumVisualStudioVersion = 10.0.40219.1
Project("{FAE04EC0-301F-11D3-BF4B-00C04F79EFBC}") = "Implementation", "Implementation\Implementation.csproj", "{906813CC-1261-46B9-9F8F-40FFA6DFC3E7}"
EndProject
Project("{FAE04EC0-301F-11D3-BF4B-00C04F79EFBC}") = "TestApp", "TestApp\TestApp.csproj", "{4D7C8886-3939-40E3-8467-AFF5E64F576E}"
EndProject
Global
	GlobalSection(SolutionConfigurationPlatforms) = preSolution
		Debug|Any CPU = Debug|Any CPU
		Release|Any CPU = Release|Any CPU
	EndGlobalSection
	GlobalSection(ProjectConfigurationPlatforms) = postSolution
		{906813CC-1261-46B9-9F8F-40FFA6DFC3E7}.Debug|Any CPU.ActiveCfg = Debug|Any CPU
		{906813CC-1261-46B9-9F8F-40FFA6DFC3E7}.Debug|Any CPU.Build.0 = Debug|Any CPU
		{906813CC-1261-46B9-9F8F-40FFA6DFC3E7}.Release|Any CPU.ActiveCfg = Release|Any CPU
		{906813CC-1261-46B9-9F8F-40FFA6DFC3E7}.Release|Any CPU.Build.0 = Release|Any CPU
		{4D7C8886-3939-40E3-8467-AFF5E64F576E}.Debug|Any CPU.ActiveCfg = Debug|Any CPU
		{4D7C8886-3939-40E3-8467-AFF5E64F576E}.Debug|Any CPU.Build.0 = Debug|Any CPU
		{4D7C8886-3939-40E3-8467-AFF5E64F576E}.Release|Any CPU.ActiveCfg = Release|Any CPU
		{4D7C8886-3939-40E3-8467-AFF5E64F576E}.Release|Any CPU.Build.0 = Release|Any CPU
	EndGlobalSection
	GlobalSection(SolutionProperties) = preSolution
		HideSolutionNode = FALSE
	EndGlobalSection
EndGlobal
