
Microsoft Visual Studio Solution File, Format Version 12.00
# Visual Studio 2013
VisualStudioVersion = 12.0.30501.0
MinimumVisualStudioVersion = 10.0.40219.1
Project("{FAE04EC0-301F-11D3-BF4B-00C04F79EFBC}") = "Implementation", "Implementation\Implementation.csproj", "{E2DEC654-2908-4ABF-9827-DF516D7E9C61}"
EndProject
Project("{FAE04EC0-301F-11D3-BF4B-00C04F79EFBC}") = "TestConsole", "TestConsole\TestConsole.csproj", "{7BA3D50F-9A07-4BCD-9A05-B05D6D6AB6D8}"
EndProject
Project("{FAE04EC0-301F-11D3-BF4B-00C04F79EFBC}") = "Host", "Host\Host.csproj", "{5FDBB94C-4566-4764-946F-3DEF936DE560}"
EndProject
Global
	GlobalSection(SolutionConfigurationPlatforms) = preSolution
		Debug|Any CPU = Debug|Any CPU
		Debug|Mixed Platforms = Debug|Mixed Platforms
		Debug|x86 = Debug|x86
		Release|Any CPU = Release|Any CPU
		Release|Mixed Platforms = Release|Mixed Platforms
		Release|x86 = Release|x86
	EndGlobalSection
	GlobalSection(ProjectConfigurationPlatforms) = postSolution
		{E2DEC654-2908-4ABF-9827-DF516D7E9C61}.Debug|Any CPU.ActiveCfg = Debug|Any CPU
		{E2DEC654-2908-4ABF-9827-DF516D7E9C61}.Debug|Any CPU.Build.0 = Debug|Any CPU
		{E2DEC654-2908-4ABF-9827-DF516D7E9C61}.Debug|Mixed Platforms.ActiveCfg = Debug|Any CPU
		{E2DEC654-2908-4ABF-9827-DF516D7E9C61}.Debug|Mixed Platforms.Build.0 = Debug|Any CPU
		{E2DEC654-2908-4ABF-9827-DF516D7E9C61}.Debug|x86.ActiveCfg = Debug|Any CPU
		{E2DEC654-2908-4ABF-9827-DF516D7E9C61}.Release|Any CPU.ActiveCfg = Release|Any CPU
		{E2DEC654-2908-4ABF-9827-DF516D7E9C61}.Release|Any CPU.Build.0 = Release|Any CPU
		{E2DEC654-2908-4ABF-9827-DF516D7E9C61}.Release|Mixed Platforms.ActiveCfg = Release|Any CPU
		{E2DEC654-2908-4ABF-9827-DF516D7E9C61}.Release|Mixed Platforms.Build.0 = Release|Any CPU
		{E2DEC654-2908-4ABF-9827-DF516D7E9C61}.Release|x86.ActiveCfg = Release|Any CPU
		{7BA3D50F-9A07-4BCD-9A05-B05D6D6AB6D8}.Debug|Any CPU.ActiveCfg = Debug|Any CPU
		{7BA3D50F-9A07-4BCD-9A05-B05D6D6AB6D8}.Debug|Any CPU.Build.0 = Debug|Any CPU
		{7BA3D50F-9A07-4BCD-9A05-B05D6D6AB6D8}.Debug|Mixed Platforms.ActiveCfg = Debug|Any CPU
		{7BA3D50F-9A07-4BCD-9A05-B05D6D6AB6D8}.Debug|Mixed Platforms.Build.0 = Debug|Any CPU
		{7BA3D50F-9A07-4BCD-9A05-B05D6D6AB6D8}.Debug|x86.ActiveCfg = Debug|Any CPU
		{7BA3D50F-9A07-4BCD-9A05-B05D6D6AB6D8}.Release|Any CPU.ActiveCfg = Release|Any CPU
		{7BA3D50F-9A07-4BCD-9A05-B05D6D6AB6D8}.Release|Any CPU.Build.0 = Release|Any CPU
		{7BA3D50F-9A07-4BCD-9A05-B05D6D6AB6D8}.Release|Mixed Platforms.ActiveCfg = Release|Any CPU
		{7BA3D50F-9A07-4BCD-9A05-B05D6D6AB6D8}.Release|Mixed Platforms.Build.0 = Release|Any CPU
		{7BA3D50F-9A07-4BCD-9A05-B05D6D6AB6D8}.Release|x86.ActiveCfg = Release|Any CPU
		{5FDBB94C-4566-4764-946F-3DEF936DE560}.Debug|Any CPU.ActiveCfg = Debug|Any CPU
		{5FDBB94C-4566-4764-946F-3DEF936DE560}.Debug|Any CPU.Build.0 = Debug|Any CPU
		{5FDBB94C-4566-4764-946F-3DEF936DE560}.Debug|Mixed Platforms.ActiveCfg = Debug|Any CPU
		{5FDBB94C-4566-4764-946F-3DEF936DE560}.Debug|Mixed Platforms.Build.0 = Debug|Any CPU
		{5FDBB94C-4566-4764-946F-3DEF936DE560}.Debug|x86.ActiveCfg = Debug|Any CPU
		{5FDBB94C-4566-4764-946F-3DEF936DE560}.Release|Any CPU.ActiveCfg = Release|Any CPU
		{5FDBB94C-4566-4764-946F-3DEF936DE560}.Release|Any CPU.Build.0 = Release|Any CPU
		{5FDBB94C-4566-4764-946F-3DEF936DE560}.Release|Mixed Platforms.ActiveCfg = Release|Any CPU
		{5FDBB94C-4566-4764-946F-3DEF936DE560}.Release|Mixed Platforms.Build.0 = Release|Any CPU
		{5FDBB94C-4566-4764-946F-3DEF936DE560}.Release|x86.ActiveCfg = Release|Any CPU
	EndGlobalSection
	GlobalSection(SolutionProperties) = preSolution
		HideSolutionNode = FALSE
	EndGlobalSection
EndGlobal
